// !$*UTF8*$!
{
	archiveVersion = 1;
	classes = {
	};
	objectVersion = 46;
	objects = {

/* Begin PBXBuildFile section */
		2DE2A9591E752EA900E5BD37 /* main.m in Sources */ = {isa = PBXBuildFile; fileRef = 2DE2A9581E752EA900E5BD37 /* main.m */; };
		2DE2A95C1E752EA900E5BD37 /* AppDelegate.m in Sources */ = {isa = PBXBuildFile; fileRef = 2DE2A95B1E752EA900E5BD37 /* AppDelegate.m */; };
		2DE2A95F1E752EA900E5BD37 /* ViewController.m in Sources */ = {isa = PBXBuildFile; fileRef = 2DE2A95E1E752EA900E5BD37 /* ViewController.m */; };
		2DE2A9621E752EA900E5BD37 /* Main.storyboard in Resources */ = {isa = PBXBuildFile; fileRef = 2DE2A9601E752EA900E5BD37 /* Main.storyboard */; };
		2DE2A9641E752EA900E5BD37 /* Assets.xcassets in Resources */ = {isa = PBXBuildFile; fileRef = 2DE2A9631E752EA900E5BD37 /* Assets.xcassets */; };
		2DE2A9671E752EA900E5BD37 /* LaunchScreen.storyboard in Resources */ = {isa = PBXBuildFile; fileRef = 2DE2A9651E752EA900E5BD37 /* LaunchScreen.storyboard */; };
		2DE2A9781E752EC900E5BD37 /* SwpCoordinateTransform.m in Sources */ = {isa = PBXBuildFile; fileRef = 2DE2A9711E752EC900E5BD37 /* SwpCoordinateTransform.m */; };
		2DE2A9791E752EC900E5BD37 /* SwpGetSystemInformation.m in Sources */ = {isa = PBXBuildFile; fileRef = 2DE2A9731E752EC900E5BD37 /* SwpGetSystemInformation.m */; };
		2DE2A97A1E752EC900E5BD37 /* SwpTools.m in Sources */ = {isa = PBXBuildFile; fileRef = 2DE2A9761E752EC900E5BD37 /* SwpTools.m */; };
/* End PBXBuildFile section */

/* Begin PBXFileReference section */
		2DE2A9541E752EA900E5BD37 /* SwpToolsDemo.app */ = {isa = PBXFileReference; explicitFileType = wrapper.application; includeInIndex = 0; path = SwpToolsDemo.app; sourceTree = BUILT_PRODUCTS_DIR; };
		2DE2A9581E752EA900E5BD37 /* main.m */ = {isa = PBXFileReference; lastKnownFileType = sourcecode.c.objc; path = main.m; sourceTree = "<group>"; };
		2DE2A95A1E752EA900E5BD37 /* AppDelegate.h */ = {isa = PBXFileReference; lastKnownFileType = sourcecode.c.h; path = AppDelegate.h; sourceTree = "<group>"; };
		2DE2A95B1E752EA900E5BD37 /* AppDelegate.m */ = {isa = PBXFileReference; lastKnownFileType = sourcecode.c.objc; path = AppDelegate.m; sourceTree = "<group>"; };
		2DE2A95D1E752EA900E5BD37 /* ViewController.h */ = {isa = PBXFileReference; lastKnownFileType = sourcecode.c.h; path = ViewController.h; sourceTree = "<group>"; };
		2DE2A95E1E752EA900E5BD37 /* ViewController.m */ = {isa = PBXFileReference; lastKnownFileType = sourcecode.c.objc; path = ViewController.m; sourceTree = "<group>"; };
		2DE2A9611E752EA900E5BD37 /* Base */ = {isa = PBXFileReference; lastKnownFileType = file.storyboard; name = Base; path = Base.lproj/Main.storyboard; sourceTree = "<group>"; };
		2DE2A9631E752EA900E5BD37 /* Assets.xcassets */ = {isa = PBXFileReference; lastKnownFileType = folder.assetcatalog; path = Assets.xcassets; sourceTree = "<group>"; };
		2DE2A9661E752EA900E5BD37 /* Base */ = {isa = PBXFileReference; lastKnownFileType = file.storyboard; name = Base; path = Base.lproj/LaunchScreen.storyboard; sourceTree = "<group>"; };
		2DE2A9681E752EA900E5BD37 /* Info.plist */ = {isa = PBXFileReference; lastKnownFileType = text.plist.xml; path = Info.plist; sourceTree = "<group>"; };
		2DE2A9701E752EC900E5BD37 /* SwpCoordinateTransform.h */ = {isa = PBXFileReference; fileEncoding = 4; lastKnownFileType = sourcecode.c.h; path = SwpCoordinateTransform.h; sourceTree = "<group>"; };
		2DE2A9711E752EC900E5BD37 /* SwpCoordinateTransform.m */ = {isa = PBXFileReference; fileEncoding = 4; lastKnownFileType = sourcecode.c.objc; path = SwpCoordinateTransform.m; sourceTree = "<group>"; };
		2DE2A9721E752EC900E5BD37 /* SwpGetSystemInformation.h */ = {isa = PBXFileReference; fileEncoding = 4; lastKnownFileType = sourcecode.c.h; path = SwpGetSystemInformation.h; sourceTree = "<group>"; };
		2DE2A9731E752EC900E5BD37 /* SwpGetSystemInformation.m */ = {isa = PBXFileReference; fileEncoding = 4; lastKnownFileType = sourcecode.c.objc; path = SwpGetSystemInformation.m; sourceTree = "<group>"; };
		2DE2A9741E752EC900E5BD37 /* SwpLog.h */ = {isa = PBXFileReference; fileEncoding = 4; lastKnownFileType = sourcecode.c.h; path = SwpLog.h; sourceTree = "<group>"; };
		2DE2A9751E752EC900E5BD37 /* SwpTools.h */ = {isa = PBXFileReference; fileEncoding = 4; lastKnownFileType = sourcecode.c.h; path = SwpTools.h; sourceTree = "<group>"; };
		2DE2A9761E752EC900E5BD37 /* SwpTools.m */ = {isa = PBXFileReference; fileEncoding = 4; lastKnownFileType = sourcecode.c.objc; path = SwpTools.m; sourceTree = "<group>"; };
		2DE2A9771E752EC900E5BD37 /* SwpWeakifyHeader.h */ = {isa = PBXFileReference; fileEncoding = 4; lastKnownFileType = sourcecode.c.h; path = SwpWeakifyHeader.h; sourceTree = "<group>"; };
/* End PBXFileReference section */

/* Begin PBXFrameworksBuildPhase section */
		2DE2A9511E752EA900E5BD37 /* Frameworks */ = {
			isa = PBXFrameworksBuildPhase;
			buildActionMask = 2147483647;
			files = (
			);
			runOnlyForDeploymentPostprocessing = 0;
		};
/* End PBXFrameworksBuildPhase section */

/* Begin PBXGroup section */
		2DE2A94B1E752EA900E5BD37 = {
			isa = PBXGroup;
			children = (
				2DE2A9561E752EA900E5BD37 /* SwpToolsDemo */,
				2DE2A9551E752EA900E5BD37 /* Products */,
			);
			sourceTree = "<group>";
		};
		2DE2A9551E752EA900E5BD37 /* Products */ = {
			isa = PBXGroup;
			children = (
				2DE2A9541E752EA900E5BD37 /* SwpToolsDemo.app */,
			);
			name = Products;
			sourceTree = "<group>";
		};
		2DE2A9561E752EA900E5BD37 /* SwpToolsDemo */ = {
			isa = PBXGroup;
			children = (
				2DE2A96E1E752EC900E5BD37 /* SwpTools */,
				2DE2A95A1E752EA900E5BD37 /* AppDelegate.h */,
				2DE2A95B1E752EA900E5BD37 /* AppDelegate.m */,
				2DE2A95D1E752EA900E5BD37 /* ViewController.h */,
				2DE2A95E1E752EA900E5BD37 /* ViewController.m */,
				2DE2A9601E752EA900E5BD37 /* Main.storyboard */,
				2DE2A9631E752EA900E5BD37 /* Assets.xcassets */,
				2DE2A9651E752EA900E5BD37 /* LaunchScreen.storyboard */,
				2DE2A9681E752EA900E5BD37 /* Info.plist */,
				2DE2A9571E752EA900E5BD37 /* Supporting Files */,
			);
			path = SwpToolsDemo;
			sourceTree = "<group>";
		};
		2DE2A9571E752EA900E5BD37 /* Supporting Files */ = {
			isa = PBXGroup;
			children = (
				2DE2A9581E752EA900E5BD37 /* main.m */,
			);
			name = "Supporting Files";
			sourceTree = "<group>";
		};
		2DE2A96E1E752EC900E5BD37 /* SwpTools */ = {
			isa = PBXGroup;
			children = (
				2DE2A96F1E752EC900E5BD37 /* SwpTools */,
			);
			name = SwpTools;
			path = ../../SwpTools;
			sourceTree = "<group>";
		};
		2DE2A96F1E752EC900E5BD37 /* SwpTools */ = {
			isa = PBXGroup;
			children = (
				2DE2A9701E752EC900E5BD37 /* SwpCoordinateTransform.h */,
				2DE2A9711E752EC900E5BD37 /* SwpCoordinateTransform.m */,
				2DE2A9721E752EC900E5BD37 /* SwpGetSystemInformation.h */,
				2DE2A9731E752EC900E5BD37 /* SwpGetSystemInformation.m */,
				2DE2A9741E752EC900E5BD37 /* SwpLog.h */,
				2DE2A9751E752EC900E5BD37 /* SwpTools.h */,
				2DE2A9761E752EC900E5BD37 /* SwpTools.m */,
				2DE2A9771E752EC900E5BD37 /* SwpWeakifyHeader.h */,
			);
			path = SwpTools;
			sourceTree = "<group>";
		};
/* End PBXGroup section */

/* Begin PBXNativeTarget section */
		2DE2A9531E752EA900E5BD37 /* SwpToolsDemo */ = {
			isa = PBXNativeTarget;
			buildConfigurationList = 2DE2A96B1E752EA900E5BD37 /* Build configuration list for PBXNativeTarget "SwpToolsDemo" */;
			buildPhases = (
				2DE2A9501E752EA900E5BD37 /* Sources */,
				2DE2A9511E752EA900E5BD37 /* Frameworks */,
				2DE2A9521E752EA900E5BD37 /* Resources */,
			);
			buildRules = (
			);
			dependencies = (
			);
			name = SwpToolsDemo;
			productName = SwpToolsDemo;
			productReference = 2DE2A9541E752EA900E5BD37 /* SwpToolsDemo.app */;
			productType = "com.apple.product-type.application";
		};
/* End PBXNativeTarget section */

/* Begin PBXProject section */
		2DE2A94C1E752EA900E5BD37 /* Project object */ = {
			isa = PBXProject;
			attributes = {
				LastUpgradeCheck = 0820;
				ORGANIZATIONNAME = swp_song;
				TargetAttributes = {
					2DE2A9531E752EA900E5BD37 = {
						CreatedOnToolsVersion = 8.2.1;
						ProvisioningStyle = Automatic;
					};
				};
			};
			buildConfigurationList = 2DE2A94F1E752EA900E5BD37 /* Build configuration list for PBXProject "SwpToolsDemo" */;
			compatibilityVersion = "Xcode 3.2";
			developmentRegion = English;
			hasScannedForEncodings = 0;
			knownRegions = (
				en,
				Base,
			);
			mainGroup = 2DE2A94B1E752EA900E5BD37;
			productRefGroup = 2DE2A9551E752EA900E5BD37 /* Products */;
			projectDirPath = "";
			projectRoot = "";
			targets = (
				2DE2A9531E752EA900E5BD37 /* SwpToolsDemo */,
			);
		};
/* End PBXProject section */

/* Begin PBXResourcesBuildPhase section */
		2DE2A9521E752EA900E5BD37 /* Resources */ = {
			isa = PBXResourcesBuildPhase;
			buildActionMask = 2147483647;
			files = (
				2DE2A9671E752EA900E5BD37 /* LaunchScreen.storyboard in Resources */,
				2DE2A9641E752EA900E5BD37 /* Assets.xcassets in Resources */,
				2DE2A9621E752EA900E5BD37 /* Main.storyboard in Resources */,
			);
			runOnlyForDeploymentPostprocessing = 0;
		};
/* End PBXResourcesBuildPhase section */

/* Begin PBXSourcesBuildPhase section */
		2DE2A9501E752EA900E5BD37 /* Sources */ = {
			isa = PBXSourcesBuildPhase;
			buildActionMask = 2147483647;
			files = (
				2DE2A97A1E752EC900E5BD37 /* SwpTools.m in Sources */,
				2DE2A95F1E752EA900E5BD37 /* ViewController.m in Sources */,
				2DE2A9781E752EC900E5BD37 /* SwpCoordinateTransform.m in Sources */,
				2DE2A95C1E752EA900E5BD37 /* AppDelegate.m in Sources */,
				2DE2A9591E752EA900E5BD37 /* main.m in Sources */,
				2DE2A9791E752EC900E5BD37 /* SwpGetSystemInformation.m in Sources */,
			);
			runOnlyForDeploymentPostprocessing = 0;
		};
/* End PBXSourcesBuildPhase section */

/* Begin PBXVariantGroup section */
		2DE2A9601E752EA900E5BD37 /* Main.storyboard */ = {
			isa = PBXVariantGroup;
			children = (
				2DE2A9611E752EA900E5BD37 /* Base */,
			);
			name = Main.storyboard;
			sourceTree = "<group>";
		};
		2DE2A9651E752EA900E5BD37 /* LaunchScreen.storyboard */ = {
			isa = PBXVariantGroup;
			children = (
				2DE2A9661E752EA900E5BD37 /* Base */,
			);
			name = LaunchScreen.storyboard;
			sourceTree = "<group>";
		};
/* End PBXVariantGroup section */

/* Begin XCBuildConfiguration section */
		2DE2A9691E752EA900E5BD37 /* Debug */ = {
			isa = XCBuildConfiguration;
			buildSettings = {
				ALWAYS_SEARCH_USER_PATHS = NO;
				CLANG_ANALYZER_NONNULL = YES;
				CLANG_CXX_LANGUAGE_STANDARD = "gnu++0x";
				CLANG_CXX_LIBRARY = "libc++";
				CLANG_ENABLE_MODULES = YES;
				CLANG_ENABLE_OBJC_ARC = YES;
				CLANG_WARN_BOOL_CONVERSION = YES;
				CLANG_WARN_CONSTANT_CONVERSION = YES;
				CLANG_WARN_DIRECT_OBJC_ISA_USAGE = YES_ERROR;
				CLANG_WARN_DOCUMENTATION_COMMENTS = YES;
				CLANG_WARN_EMPTY_BODY = YES;
				CLANG_WARN_ENUM_CONVERSION = YES;
				CLANG_WARN_INFINITE_RECURSION = YES;
				CLANG_WARN_INT_CONVERSION = YES;
				CLANG_WARN_OBJC_ROOT_CLASS = YES_ERROR;
				CLANG_WARN_SUSPICIOUS_MOVE = YES;
				CLANG_WARN_UNREACHABLE_CODE = YES;
				CLANG_WARN__DUPLICATE_METHOD_MATCH = YES;
				"CODE_SIGN_IDENTITY[sdk=iphoneos*]" = "iPhone Developer";
				COPY_PHASE_STRIP = NO;
				DEBUG_INFORMATION_FORMAT = dwarf;
				ENABLE_STRICT_OBJC_MSGSEND = YES;
				ENABLE_TESTABILITY = YES;
				GCC_C_LANGUAGE_STANDARD = gnu99;
				GCC_DYNAMIC_NO_PIC = NO;
				GCC_NO_COMMON_BLOCKS = YES;
				GCC_OPTIMIZATION_LEVEL = 0;
				GCC_PREPROCESSOR_DEFINITIONS = (
					"DEBUG=1",
					"$(inherited)",
				);
				GCC_WARN_64_TO_32_BIT_CONVERSION = YES;
				GCC_WARN_ABOUT_RETURN_TYPE = YES_ERROR;
				GCC_WARN_UNDECLARED_SELECTOR = YES;
				GCC_WARN_UNINITIALIZED_AUTOS = YES_AGGRESSIVE;
				GCC_WARN_UNUSED_FUNCTION = YES;
				GCC_WARN_UNUSED_VARIABLE = YES;
				IPHONEOS_DEPLOYMENT_TARGET = 10.2;
				MTL_ENABLE_DEBUG_INFO = YES;
				ONLY_ACTIVE_ARCH = YES;
				SDKROOT = iphoneos;
			};
			name = Debug;
		};
		2DE2A96A1E752EA900E5BD37 /* Release */ = {
			isa = XCBuildConfiguration;
			buildSettings = {
				ALWAYS_SEARCH_USER_PATHS = NO;
				CLANG_ANALYZER_NONNULL = YES;
				CLANG_CXX_LANGUAGE_STANDARD = "gnu++0x";
				CLANG_CXX_LIBRARY = "libc++";
				CLANG_ENABLE_MODULES = YES;
				CLANG_ENABLE_OBJC_ARC = YES;
				CLANG_WARN_BOOL_CONVERSION = YES;
				CLANG_WARN_CONSTANT_CONVERSION = YES;
				CLANG_WARN_DIRECT_OBJC_ISA_USAGE = YES_ERROR;
				CLANG_WARN_DOCUMENTATION_COMMENTS = YES;
				CLANG_WARN_EMPTY_BODY = YES;
				CLANG_WARN_ENUM_CONVERSION = YES;
				CLANG_WARN_INFINITE_RECURSION = YES;
				CLANG_WARN_INT_CONVERSION = YES;
				CLANG_WARN_OBJC_ROOT_CLASS = YES_ERROR;
				CLANG_WARN_SUSPICIOUS_MOVE = YES;
				CLANG_WARN_UNREACHABLE_CODE = YES;
				CLANG_WARN__DUPLICATE_METHOD_MATCH = YES;
				"CODE_SIGN_IDENTITY[sdk=iphoneos*]" = "iPhone Developer";
				COPY_PHASE_STRIP = NO;
				DEBUG_INFORMATION_FORMAT = "dwarf-with-dsym";
				ENABLE_NS_ASSERTIONS = NO;
				ENABLE_STRICT_OBJC_MSGSEND = YES;
				GCC_C_LANGUAGE_STANDARD = gnu99;
				GCC_NO_COMMON_BLOCKS = YES;
				GCC_WARN_64_TO_32_BIT_CONVERSION = YES;
				GCC_WARN_ABOUT_RETURN_TYPE = YES_ERROR;
				GCC_WARN_UNDECLARED_SELECTOR = YES;
				GCC_WARN_UNINITIALIZED_AUTOS = YES_AGGRESSIVE;
				GCC_WARN_UNUSED_FUNCTION = YES;
				GCC_WARN_UNUSED_VARIABLE = YES;
				IPHONEOS_DEPLOYMENT_TARGET = 10.2;
				MTL_ENABLE_DEBUG_INFO = NO;
				SDKROOT = iphoneos;
				VALIDATE_PRODUCT = YES;
			};
			name = Release;
		};
		2DE2A96C1E752EA900E5BD37 /* Debug */ = {
			isa = XCBuildConfiguration;
			buildSettings = {
				ASSETCATALOG_COMPILER_APPICON_NAME = AppIcon;
				DEVELOPMENT_TEAM = "";
				INFOPLIST_FILE = SwpToolsDemo/Info.plist;
				IPHONEOS_DEPLOYMENT_TARGET = 8.0;
				LD_RUNPATH_SEARCH_PATHS = "$(inherited) @executable_path/Frameworks";
				PRODUCT_BUNDLE_IDENTIFIER = "swp-song.SwpToolsDemo";
				PRODUCT_NAME = "$(TARGET_NAME)";
			};
			name = Debug;
		};
		2DE2A96D1E752EA900E5BD37 /* Release */ = {
			isa = XCBuildConfiguration;
			buildSettings = {
				ASSETCATALOG_COMPILER_APPICON_NAME = AppIcon;
				DEVELOPMENT_TEAM = "";
				INFOPLIST_FILE = SwpToolsDemo/Info.plist;
				IPHONEOS_DEPLOYMENT_TARGET = 8.0;
				LD_RUNPATH_SEARCH_PATHS = "$(inherited) @executable_path/Frameworks";
				PRODUCT_BUNDLE_IDENTIFIER = "swp-song.SwpToolsDemo";
				PRODUCT_NAME = "$(TARGET_NAME)";
			};
			name = Release;
		};
/* End XCBuildConfiguration section */

/* Begin XCConfigurationList section */
		2DE2A94F1E752EA900E5BD37 /* Build configuration list for PBXProject "SwpToolsDemo" */ = {
			isa = XCConfigurationList;
			buildConfigurations = (
				2DE2A9691E752EA900E5BD37 /* Debug */,
				2DE2A96A1E752EA900E5BD37 /* Release */,
			);
			defaultConfigurationIsVisible = 0;
			defaultConfigurationName = Release;
		};
		2DE2A96B1E752EA900E5BD37 /* Build configuration list for PBXNativeTarget "SwpToolsDemo" */ = {
			isa = XCConfigurationList;
			buildConfigurations = (
				2DE2A96C1E752EA900E5BD37 /* Debug */,
				2DE2A96D1E752EA900E5BD37 /* Release */,
			);
			defaultConfigurationIsVisible = 0;
			defaultConfigurationName = Release;
		};
/* End XCConfigurationList section */
	};
	rootObject = 2DE2A94C1E752EA900E5BD37 /* Project object */;
}
